
Microsoft Visual Studio Solution File, Format Version 12.00
# Visual Studio Version 16
VisualStudioVersion = 16.0.34301.259
MinimumVisualStudioVersion = 10.0.40219.1
Project("{F184B08F-C81C-45F6-A57F-5ABD9991F28F}") = "WebApplication1", "WebApplication1\WebApplication1.vbproj", "{DC2E970E-0543-4F7E-BCA3-9370358DC9C3}"
EndProject
Project("{F184B08F-C81C-45F6-A57F-5ABD9991F28F}") = "WebApplication1.Tests", "WebApplication1.Tests\WebApplication1.Tests.vbproj", "{4CCE9AC1-FDE4-4F7E-9BC3-CFC2291E52EA}"
EndProject
Global
	GlobalSection(SolutionConfigurationPlatforms) = preSolution
		Debug|Any CPU = Debug|Any CPU
		Release|Any CPU = Release|Any CPU
	EndGlobalSection
	GlobalSection(ProjectConfigurationPlatforms) = postSolution
		{DC2E970E-0543-4F7E-BCA3-9370358DC9C3}.Debug|Any CPU.ActiveCfg = Debug|Any CPU
		{DC2E970E-0543-4F7E-BCA3-9370358DC9C3}.Debug|Any CPU.Build.0 = Debug|Any CPU
		{DC2E970E-0543-4F7E-BCA3-9370358DC9C3}.Release|Any CPU.ActiveCfg = Release|Any CPU
		{DC2E970E-0543-4F7E-BCA3-9370358DC9C3}.Release|Any CPU.Build.0 = Release|Any CPU
		{4CCE9AC1-FDE4-4F7E-9BC3-CFC2291E52EA}.Debug|Any CPU.ActiveCfg = Debug|Any CPU
		{4CCE9AC1-FDE4-4F7E-9BC3-CFC2291E52EA}.Debug|Any CPU.Build.0 = Debug|Any CPU
		{4CCE9AC1-FDE4-4F7E-9BC3-CFC2291E52EA}.Release|Any CPU.ActiveCfg = Release|Any CPU
		{4CCE9AC1-FDE4-4F7E-9BC3-CFC2291E52EA}.Release|Any CPU.Build.0 = Release|Any CPU
	EndGlobalSection
	GlobalSection(SolutionProperties) = preSolution
		HideSolutionNode = FALSE
	EndGlobalSection
	GlobalSection(ExtensibilityGlobals) = postSolution
		SolutionGuid = {05FEA7E1-5667-41EE-A48A-E56DCFF618DA}
	EndGlobalSection
EndGlobal
